// !$*UTF8*$!
{
	archiveVersion = 1;
	classes = {
	};
	objectVersion = 50;
	objects = {

/* Begin PBXBuildFile section */
		FB83B97C20C56A5500C665A2 /* AppDelegate.m in Sources */ = {isa = PBXBuildFile; fileRef = FB83B97B20C56A5500C665A2 /* AppDelegate.m */; };
		FB83B97F20C56A5500C665A2 /* ViewController.m in Sources */ = {isa = PBXBuildFile; fileRef = FB83B97E20C56A5500C665A2 /* ViewController.m */; };
		FB83B98220C56A5500C665A2 /* Main.storyboard in Resources */ = {isa = PBXBuildFile; fileRef = FB83B98020C56A5500C665A2 /* Main.storyboard */; };
		FB83B98420C56A5600C665A2 /* Assets.xcassets in Resources */ = {isa = PBXBuildFile; fileRef = FB83B98320C56A5600C665A2 /* Assets.xcassets */; };
		FB83B98720C56A5600C665A2 /* LaunchScreen.storyboard in Resources */ = {isa = PBXBuildFile; fileRef = FB83B98520C56A5600C665A2 /* LaunchScreen.storyboard */; };
		FB83B98A20C56A5600C665A2 /* main.m in Sources */ = {isa = PBXBuildFile; fileRef = FB83B98920C56A5600C665A2 /* main.m */; };
		FB83B99420C56A5700C665A2 /* CustomAlertViewUITests.m in Sources */ = {isa = PBXBuildFile; fileRef = FB83B99320C56A5700C665A2 /* CustomAlertViewUITests.m */; };
/* End PBXBuildFile section */

/* Begin PBXContainerItemProxy section */
		FB83B99020C56A5700C665A2 /* PBXContainerItemProxy */ = {
			isa = PBXContainerItemProxy;
			containerPortal = FB83B96F20C56A5500C665A2 /* Project object */;
			proxyType = 1;
			remoteGlobalIDString = FB83B97620C56A5500C665A2;
			remoteInfo = CustomAlertView;
		};
/* End PBXContainerItemProxy section */

/* Begin PBXFileReference section */
		FB83B97720C56A5500C665A2 /* CustomAlertView.app */ = {isa = PBXFileReference; explicitFileType = wrapper.application; includeInIndex = 0; path = CustomAlertView.app; sourceTree = BUILT_PRODUCTS_DIR; };
		FB83B97A20C56A5500C665A2 /* AppDelegate.h */ = {isa = PBXFileReference; lastKnownFileType = sourcecode.c.h; path = AppDelegate.h; sourceTree = "<group>"; };
		FB83B97B20C56A5500C665A2 /* AppDelegate.m */ = {isa = PBXFileReference; lastKnownFileType = sourcecode.c.objc; path = AppDelegate.m; sourceTree = "<group>"; };
		FB83B97D20C56A5500C665A2 /* ViewController.h */ = {isa = PBXFileReference; lastKnownFileType = sourcecode.c.h; path = ViewController.h; sourceTree = "<group>"; };
		FB83B97E20C56A5500C665A2 /* ViewController.m */ = {isa = PBXFileReference; lastKnownFileType = sourcecode.c.objc; path = ViewController.m; sourceTree = "<group>"; };
		FB83B98120C56A5500C665A2 /* Base */ = {isa = PBXFileReference; lastKnownFileType = file.storyboard; name = Base; path = Base.lproj/Main.storyboard; sourceTree = "<group>"; };
		FB83B98320C56A5600C665A2 /* Assets.xcassets */ = {isa = PBXFileReference; lastKnownFileType = folder.assetcatalog; path = Assets.xcassets; sourceTree = "<group>"; };
		FB83B98620C56A5600C665A2 /* Base */ = {isa = PBXFileReference; lastKnownFileType = file.storyboard; name = Base; path = Base.lproj/LaunchScreen.storyboard; sourceTree = "<group>"; };
		FB83B98820C56A5600C665A2 /* Info.plist */ = {isa = PBXFileReference; lastKnownFileType = text.plist.xml; path = Info.plist; sourceTree = "<group>"; };
		FB83B98920C56A5600C665A2 /* main.m */ = {isa = PBXFileReference; lastKnownFileType = sourcecode.c.objc; path = main.m; sourceTree = "<group>"; };
		FB83B98F20C56A5700C665A2 /* CustomAlertViewUITests.xctest */ = {isa = PBXFileReference; explicitFileType = wrapper.cfbundle; includeInIndex = 0; path = CustomAlertViewUITests.xctest; sourceTree = BUILT_PRODUCTS_DIR; };
		FB83B99320C56A5700C665A2 /* CustomAlertViewUITests.m */ = {isa = PBXFileReference; lastKnownFileType = sourcecode.c.objc; path = CustomAlertViewUITests.m; sourceTree = "<group>"; };
		FB83B99520C56A5700C665A2 /* Info.plist */ = {isa = PBXFileReference; lastKnownFileType = text.plist.xml; path = Info.plist; sourceTree = "<group>"; };
/* End PBXFileReference section */

/* Begin PBXFrameworksBuildPhase section */
		FB83B97420C56A5500C665A2 /* Frameworks */ = {
			isa = PBXFrameworksBuildPhase;
			buildActionMask = 2147483647;
			files = (
			);
			runOnlyForDeploymentPostprocessing = 0;
		};
		FB83B98C20C56A5700C665A2 /* Frameworks */ = {
			isa = PBXFrameworksBuildPhase;
			buildActionMask = 2147483647;
			files = (
			);
			runOnlyForDeploymentPostprocessing = 0;
		};
/* End PBXFrameworksBuildPhase section */

/* Begin PBXGroup section */
		FB83B96E20C56A5500C665A2 = {
			isa = PBXGroup;
			children = (
				FB83B97920C56A5500C665A2 /* CustomAlertView */,
				FB83B99220C56A5700C665A2 /* CustomAlertViewUITests */,
				FB83B97820C56A5500C665A2 /* Products */,
			);
			sourceTree = "<group>";
		};
		FB83B97820C56A5500C665A2 /* Products */ = {
			isa = PBXGroup;
			children = (
				FB83B97720C56A5500C665A2 /* CustomAlertView.app */,
				FB83B98F20C56A5700C665A2 /* CustomAlertViewUITests.xctest */,
			);
			name = Products;
			sourceTree = "<group>";
		};
		FB83B97920C56A5500C665A2 /* CustomAlertView */ = {
			isa = PBXGroup;
			children = (
				FB83B97A20C56A5500C665A2 /* AppDelegate.h */,
				FB83B97B20C56A5500C665A2 /* AppDelegate.m */,
				FB83B97D20C56A5500C665A2 /* ViewController.h */,
				FB83B97E20C56A5500C665A2 /* ViewController.m */,
				FB83B98020C56A5500C665A2 /* Main.storyboard */,
				FB83B98320C56A5600C665A2 /* Assets.xcassets */,
				FB83B98520C56A5600C665A2 /* LaunchScreen.storyboard */,
				FB83B98820C56A5600C665A2 /* Info.plist */,
				FB83B98920C56A5600C665A2 /* main.m */,
			);
			path = CustomAlertView;
			sourceTree = "<group>";
		};
		FB83B99220C56A5700C665A2 /* CustomAlertViewUITests */ = {
			isa = PBXGroup;
			children = (
				FB83B99320C56A5700C665A2 /* CustomAlertViewUITests.m */,
				FB83B99520C56A5700C665A2 /* Info.plist */,
			);
			path = CustomAlertViewUITests;
			sourceTree = "<group>";
		};
/* End PBXGroup section */

/* Begin PBXNativeTarget section */
		FB83B97620C56A5500C665A2 /* CustomAlertView */ = {
			isa = PBXNativeTarget;
			buildConfigurationList = FB83B99820C56A5700C665A2 /* Build configuration list for PBXNativeTarget "CustomAlertView" */;
			buildPhases = (
				FB83B97320C56A5500C665A2 /* Sources */,
				FB83B97420C56A5500C665A2 /* Frameworks */,
				FB83B97520C56A5500C665A2 /* Resources */,
			);
			buildRules = (
			);
			dependencies = (
			);
			name = CustomAlertView;
			productName = CustomAlertView;
			productReference = FB83B97720C56A5500C665A2 /* CustomAlertView.app */;
			productType = "com.apple.product-type.application";
		};
		FB83B98E20C56A5700C665A2 /* CustomAlertViewUITests */ = {
			isa = PBXNativeTarget;
			buildConfigurationList = FB83B99B20C56A5700C665A2 /* Build configuration list for PBXNativeTarget "CustomAlertViewUITests" */;
			buildPhases = (
				FB83B98B20C56A5700C665A2 /* Sources */,
				FB83B98C20C56A5700C665A2 /* Frameworks */,
				FB83B98D20C56A5700C665A2 /* Resources */,
			);
			buildRules = (
			);
			dependencies = (
				FB83B99120C56A5700C665A2 /* PBXTargetDependency */,
			);
			name = CustomAlertViewUITests;
			productName = CustomAlertViewUITests;
			productReference = FB83B98F20C56A5700C665A2 /* CustomAlertViewUITests.xctest */;
			productType = "com.apple.product-type.bundle.ui-testing";
		};
/* End PBXNativeTarget section */

/* Begin PBXProject section */
		FB83B96F20C56A5500C665A2 /* Project object */ = {
			isa = PBXProject;
			attributes = {
				LastUpgradeCheck = 0930;
				ORGANIZATIONNAME = dzj;
				TargetAttributes = {
					FB83B97620C56A5500C665A2 = {
						CreatedOnToolsVersion = 9.3;
					};
					FB83B98E20C56A5700C665A2 = {
						CreatedOnToolsVersion = 9.3;
						TestTargetID = FB83B97620C56A5500C665A2;
					};
				};
			};
			buildConfigurationList = FB83B97220C56A5500C665A2 /* Build configuration list for PBXProject "CustomAlertView" */;
			compatibilityVersion = "Xcode 9.3";
			developmentRegion = en;
			hasScannedForEncodings = 0;
			knownRegions = (
				en,
				Base,
			);
			mainGroup = FB83B96E20C56A5500C665A2;
			productRefGroup = FB83B97820C56A5500C665A2 /* Products */;
			projectDirPath = "";
			projectRoot = "";
			targets = (
				FB83B97620C56A5500C665A2 /* CustomAlertView */,
				FB83B98E20C56A5700C665A2 /* CustomAlertViewUITests */,
			);
		};
/* End PBXProject section */

/* Begin PBXResourcesBuildPhase section */
		FB83B97520C56A5500C665A2 /* Resources */ = {
			isa = PBXResourcesBuildPhase;
			buildActionMask = 2147483647;
			files = (
				FB83B98720C56A5600C665A2 /* LaunchScreen.storyboard in Resources */,
				FB83B98420C56A5600C665A2 /* Assets.xcassets in Resources */,
				FB83B98220C56A5500C665A2 /* Main.storyboard in Resources */,
			);
			runOnlyForDeploymentPostprocessing = 0;
		};
		FB83B98D20C56A5700C665A2 /* Resources */ = {
			isa = PBXResourcesBuildPhase;
			buildActionMask = 2147483647;
			files = (
			);
			runOnlyForDeploymentPostprocessing = 0;
		};
/* End PBXResourcesBuildPhase section */

/* Begin PBXSourcesBuildPhase section */
		FB83B97320C56A5500C665A2 /* Sources */ = {
			isa = PBXSourcesBuildPhase;
			buildActionMask = 2147483647;
			files = (
				FB83B97F20C56A5500C665A2 /* ViewController.m in Sources */,
				FB83B98A20C56A5600C665A2 /* main.m in Sources */,
				FB83B97C20C56A5500C665A2 /* AppDelegate.m in Sources */,
			);
			runOnlyForDeploymentPostprocessing = 0;
		};
		FB83B98B20C56A5700C665A2 /* Sources */ = {
			isa = PBXSourcesBuildPhase;
			buildActionMask = 2147483647;
			files = (
				FB83B99420C56A5700C665A2 /* CustomAlertViewUITests.m in Sources */,
			);
			runOnlyForDeploymentPostprocessing = 0;
		};
/* End PBXSourcesBuildPhase section */

/* Begin PBXTargetDependency section */
		FB83B99120C56A5700C665A2 /* PBXTargetDependency */ = {
			isa = PBXTargetDependency;
			target = FB83B97620C56A5500C665A2 /* CustomAlertView */;
			targetProxy = FB83B99020C56A5700C665A2 /* PBXContainerItemProxy */;
		};
/* End PBXTargetDependency section */

/* Begin PBXVariantGroup section */
		FB83B98020C56A5500C665A2 /* Main.storyboard */ = {
			isa = PBXVariantGroup;
			children = (
				FB83B98120C56A5500C665A2 /* Base */,
			);
			name = Main.storyboard;
			sourceTree = "<group>";
		};
		FB83B98520C56A5600C665A2 /* LaunchScreen.storyboard */ = {
			isa = PBXVariantGroup;
			children = (
				FB83B98620C56A5600C665A2 /* Base */,
			);
			name = LaunchScreen.storyboard;
			sourceTree = "<group>";
		};
/* End PBXVariantGroup section */

/* Begin XCBuildConfiguration section */
		FB83B99620C56A5700C665A2 /* Debug */ = {
			isa = XCBuildConfiguration;
			buildSettings = {
				ALWAYS_SEARCH_USER_PATHS = NO;
				CLANG_ANALYZER_NONNULL = YES;
				CLANG_ANALYZER_NUMBER_OBJECT_CONVERSION = YES_AGGRESSIVE;
				CLANG_CXX_LANGUAGE_STANDARD = "gnu++14";
				CLANG_CXX_LIBRARY = "libc++";
				CLANG_ENABLE_MODULES = YES;
				CLANG_ENABLE_OBJC_ARC = YES;
				CLANG_ENABLE_OBJC_WEAK = YES;
				CLANG_WARN_BLOCK_CAPTURE_AUTORELEASING = YES;
				CLANG_WARN_BOOL_CONVERSION = YES;
				CLANG_WARN_COMMA = YES;
				CLANG_WARN_CONSTANT_CONVERSION = YES;
				CLANG_WARN_DEPRECATED_OBJC_IMPLEMENTATIONS = YES;
				CLANG_WARN_DIRECT_OBJC_ISA_USAGE = YES_ERROR;
				CLANG_WARN_DOCUMENTATION_COMMENTS = YES;
				CLANG_WARN_EMPTY_BODY = YES;
				CLANG_WARN_ENUM_CONVERSION = YES;
				CLANG_WARN_INFINITE_RECURSION = YES;
				CLANG_WARN_INT_CONVERSION = YES;
				CLANG_WARN_NON_LITERAL_NULL_CONVERSION = YES;
				CLANG_WARN_OBJC_IMPLICIT_RETAIN_SELF = YES;
				CLANG_WARN_OBJC_LITERAL_CONVERSION = YES;
				CLANG_WARN_OBJC_ROOT_CLASS = YES_ERROR;
				CLANG_WARN_RANGE_LOOP_ANALYSIS = YES;
				CLANG_WARN_STRICT_PROTOTYPES = YES;
				CLANG_WARN_SUSPICIOUS_MOVE = YES;
				CLANG_WARN_UNGUARDED_AVAILABILITY = YES_AGGRESSIVE;
				CLANG_WARN_UNREACHABLE_CODE = YES;
				CLANG_WARN__DUPLICATE_METHOD_MATCH = YES;
				CODE_SIGN_IDENTITY = "iPhone Developer";
				COPY_PHASE_STRIP = NO;
				DEBUG_INFORMATION_FORMAT = dwarf;
				ENABLE_STRICT_OBJC_MSGSEND = YES;
				ENABLE_TESTABILITY = YES;
				GCC_C_LANGUAGE_STANDARD = gnu11;
				GCC_DYNAMIC_NO_PIC = NO;
				GCC_NO_COMMON_BLOCKS = YES;
				GCC_OPTIMIZATION_LEVEL = 0;
				GCC_PREPROCESSOR_DEFINITIONS = (
					"DEBUG=1",
					"$(inherited)",
				);
				GCC_WARN_64_TO_32_BIT_CONVERSION = YES;
				GCC_WARN_ABOUT_RETURN_TYPE = YES_ERROR;
				GCC_WARN_UNDECLARED_SELECTOR = YES;
				GCC_WARN_UNINITIALIZED_AUTOS = YES_AGGRESSIVE;
				GCC_WARN_UNUSED_FUNCTION = YES;
				GCC_WARN_UNUSED_VARIABLE = YES;
				IPHONEOS_DEPLOYMENT_TARGET = 11.3;
				MTL_ENABLE_DEBUG_INFO = YES;
				ONLY_ACTIVE_ARCH = YES;
				SDKROOT = iphoneos;
			};
			name = Debug;
		};
		FB83B99720C56A5700C665A2 /* Release */ = {
			isa = XCBuildConfiguration;
			buildSettings = {
				ALWAYS_SEARCH_USER_PATHS = NO;
				CLANG_ANALYZER_NONNULL = YES;
				CLANG_ANALYZER_NUMBER_OBJECT_CONVERSION = YES_AGGRESSIVE;
				CLANG_CXX_LANGUAGE_STANDARD = "gnu++14";
				CLANG_CXX_LIBRARY = "libc++";
				CLANG_ENABLE_MODULES = YES;
				CLANG_ENABLE_OBJC_ARC = YES;
				CLANG_ENABLE_OBJC_WEAK = YES;
				CLANG_WARN_BLOCK_CAPTURE_AUTORELEASING = YES;
				CLANG_WARN_BOOL_CONVERSION = YES;
				CLANG_WARN_COMMA = YES;
				CLANG_WARN_CONSTANT_CONVERSION = YES;
				CLANG_WARN_DEPRECATED_OBJC_IMPLEMENTATIONS = YES;
				CLANG_WARN_DIRECT_OBJC_ISA_USAGE = YES_ERROR;
				CLANG_WARN_DOCUMENTATION_COMMENTS = YES;
				CLANG_WARN_EMPTY_BODY = YES;
				CLANG_WARN_ENUM_CONVERSION = YES;
				CLANG_WARN_INFINITE_RECURSION = YES;
				CLANG_WARN_INT_CONVERSION = YES;
				CLANG_WARN_NON_LITERAL_NULL_CONVERSION = YES;
				CLANG_WARN_OBJC_IMPLICIT_RETAIN_SELF = YES;
				CLANG_WARN_OBJC_LITERAL_CONVERSION = YES;
				CLANG_WARN_OBJC_ROOT_CLASS = YES_ERROR;
				CLANG_WARN_RANGE_LOOP_ANALYSIS = YES;
				CLANG_WARN_STRICT_PROTOTYPES = YES;
				CLANG_WARN_SUSPICIOUS_MOVE = YES;
				CLANG_WARN_UNGUARDED_AVAILABILITY = YES_AGGRESSIVE;
				CLANG_WARN_UNREACHABLE_CODE = YES;
				CLANG_WARN__DUPLICATE_METHOD_MATCH = YES;
				CODE_SIGN_IDENTITY = "iPhone Developer";
				COPY_PHASE_STRIP = NO;
				DEBUG_INFORMATION_FORMAT = "dwarf-with-dsym";
				ENABLE_NS_ASSERTIONS = NO;
				ENABLE_STRICT_OBJC_MSGSEND = YES;
				GCC_C_LANGUAGE_STANDARD = gnu11;
				GCC_NO_COMMON_BLOCKS = YES;
				GCC_WARN_64_TO_32_BIT_CONVERSION = YES;
				GCC_WARN_ABOUT_RETURN_TYPE = YES_ERROR;
				GCC_WARN_UNDECLARED_SELECTOR = YES;
				GCC_WARN_UNINITIALIZED_AUTOS = YES_AGGRESSIVE;
				GCC_WARN_UNUSED_FUNCTION = YES;
				GCC_WARN_UNUSED_VARIABLE = YES;
				IPHONEOS_DEPLOYMENT_TARGET = 11.3;
				MTL_ENABLE_DEBUG_INFO = NO;
				SDKROOT = iphoneos;
				VALIDATE_PRODUCT = YES;
			};
			name = Release;
		};
		FB83B99920C56A5700C665A2 /* Debug */ = {
			isa = XCBuildConfiguration;
			buildSettings = {
				ASSETCATALOG_COMPILER_APPICON_NAME = AppIcon;
				CODE_SIGN_STYLE = Automatic;
				INFOPLIST_FILE = CustomAlertView/Info.plist;
				LD_RUNPATH_SEARCH_PATHS = (
					"$(inherited)",
					"@executable_path/Frameworks",
				);
				PRODUCT_BUNDLE_IDENTIFIER = com.duzj.CustomAlertView;
				PRODUCT_NAME = "$(TARGET_NAME)";
				TARGETED_DEVICE_FAMILY = "1,2";
			};
			name = Debug;
		};
		FB83B99A20C56A5700C665A2 /* Release */ = {
			isa = XCBuildConfiguration;
			buildSettings = {
				ASSETCATALOG_COMPILER_APPICON_NAME = AppIcon;
				CODE_SIGN_STYLE = Automatic;
				INFOPLIST_FILE = CustomAlertView/Info.plist;
				LD_RUNPATH_SEARCH_PATHS = (
					"$(inherited)",
					"@executable_path/Frameworks",
				);
				PRODUCT_BUNDLE_IDENTIFIER = com.duzj.CustomAlertView;
				PRODUCT_NAME = "$(TARGET_NAME)";
				TARGETED_DEVICE_FAMILY = "1,2";
			};
			name = Release;
		};
		FB83B99C20C56A5700C665A2 /* Debug */ = {
			isa = XCBuildConfiguration;
			buildSettings = {
				CODE_SIGN_STYLE = Automatic;
				INFOPLIST_FILE = CustomAlertViewUITests/Info.plist;
				LD_RUNPATH_SEARCH_PATHS = (
					"$(inherited)",
					"@executable_path/Frameworks",
					"@loader_path/Frameworks",
				);
				PRODUCT_BUNDLE_IDENTIFIER = com.duzj.CustomAlertViewUITests;
				PRODUCT_NAME = "$(TARGET_NAME)";
				TARGETED_DEVICE_FAMILY = "1,2";
				TEST_TARGET_NAME = CustomAlertView;
			};
			name = Debug;
		};
		FB83B99D20C56A5700C665A2 /* Release */ = {
			isa = XCBuildConfiguration;
			buildSettings = {
				CODE_SIGN_STYLE = Automatic;
				INFOPLIST_FILE = CustomAlertViewUITests/Info.plist;
				LD_RUNPATH_SEARCH_PATHS = (
					"$(inherited)",
					"@executable_path/Frameworks",
					"@loader_path/Frameworks",
				);
				PRODUCT_BUNDLE_IDENTIFIER = com.duzj.CustomAlertViewUITests;
				PRODUCT_NAME = "$(TARGET_NAME)";
				TARGETED_DEVICE_FAMILY = "1,2";
				TEST_TARGET_NAME = CustomAlertView;
			};
			name = Release;
		};
/* End XCBuildConfiguration section */

/* Begin XCConfigurationList section */
		FB83B97220C56A5500C665A2 /* Build configuration list for PBXProject "CustomAlertView" */ = {
			isa = XCConfigurationList;
			buildConfigurations = (
				FB83B99620C56A5700C665A2 /* Debug */,
				FB83B99720C56A5700C665A2 /* Release */,
			);
			defaultConfigurationIsVisible = 0;
			defaultConfigurationName = Release;
		};
		FB83B99820C56A5700C665A2 /* Build configuration list for PBXNativeTarget "CustomAlertView" */ = {
			isa = XCConfigurationList;
			buildConfigurations = (
				FB83B99920C56A5700C665A2 /* Debug */,
				FB83B99A20C56A5700C665A2 /* Release */,
			);
			defaultConfigurationIsVisible = 0;
			defaultConfigurationName = Release;
		};
		FB83B99B20C56A5700C665A2 /* Build configuration list for PBXNativeTarget "CustomAlertViewUITests" */ = {
			isa = XCConfigurationList;
			buildConfigurations = (
				FB83B99C20C56A5700C665A2 /* Debug */,
				FB83B99D20C56A5700C665A2 /* Release */,
			);
			defaultConfigurationIsVisible = 0;
			defaultConfigurationName = Release;
		};
/* End XCConfigurationList section */
	};
	rootObject = FB83B96F20C56A5500C665A2 /* Project object */;
}
