// !$*UTF8*$!
{
	archiveVersion = 1;
	classes = {
	};
	objectVersion = 50;
	objects = {

/* Begin PBXBuildFile section */
		56D90866E0EB493CC84CE9F8 /* libPods-CustomAlertViewUITests.a in Frameworks */ = {isa = PBXBuildFile; fileRef = 9EE9667E0F12672FA2276202 /* libPods-CustomAlertViewUITests.a */; };
		90846192B94B61612FDB2DA3 /* libPods-CustomAlertView.a in Frameworks */ = {isa = PBXBuildFile; fileRef = D6789E3DC8E11DDA7B75D6D3 /* libPods-CustomAlertView.a */; };
		FB83B97C20C56A5500C665A2 /* AppDelegate.m in Sources */ = {isa = PBXBuildFile; fileRef = FB83B97B20C56A5500C665A2 /* AppDelegate.m */; };
		FB83B97F20C56A5500C665A2 /* ViewController.m in Sources */ = {isa = PBXBuildFile; fileRef = FB83B97E20C56A5500C665A2 /* ViewController.m */; };
		FB83B98220C56A5500C665A2 /* Main.storyboard in Resources */ = {isa = PBXBuildFile; fileRef = FB83B98020C56A5500C665A2 /* Main.storyboard */; };
		FB83B98420C56A5600C665A2 /* Assets.xcassets in Resources */ = {isa = PBXBuildFile; fileRef = FB83B98320C56A5600C665A2 /* Assets.xcassets */; };
		FB83B98720C56A5600C665A2 /* LaunchScreen.storyboard in Resources */ = {isa = PBXBuildFile; fileRef = FB83B98520C56A5600C665A2 /* LaunchScreen.storyboard */; };
		FB83B98A20C56A5600C665A2 /* main.m in Sources */ = {isa = PBXBuildFile; fileRef = FB83B98920C56A5600C665A2 /* main.m */; };
		FB83B99420C56A5700C665A2 /* CustomAlertViewUITests.m in Sources */ = {isa = PBXBuildFile; fileRef = FB83B99320C56A5700C665A2 /* CustomAlertViewUITests.m */; };
		FB83B9A520C56DB500C665A2 /* TCustomAlertView.m in Sources */ = {isa = PBXBuildFile; fileRef = FB83B9A420C56DB500C665A2 /* TCustomAlertView.m */; };
		FB83B9A920C6176500C665A2 /* CALayer+test.m in Sources */ = {isa = PBXBuildFile; fileRef = FB83B9A820C6176500C665A2 /* CALayer+test.m */; };
/* End PBXBuildFile section */

/* Begin PBXContainerItemProxy section */
		FB83B99020C56A5700C665A2 /* PBXContainerItemProxy */ = {
			isa = PBXContainerItemProxy;
			containerPortal = FB83B96F20C56A5500C665A2 /* Project object */;
			proxyType = 1;
			remoteGlobalIDString = FB83B97620C56A5500C665A2;
			remoteInfo = CustomAlertView;
		};
/* End PBXContainerItemProxy section */

/* Begin PBXFileReference section */
		57605AB51447E1E665AED602 /* Pods-CustomAlertView.debug.xcconfig */ = {isa = PBXFileReference; includeInIndex = 1; lastKnownFileType = text.xcconfig; name = "Pods-CustomAlertView.debug.xcconfig"; path = "Pods/Target Support Files/Pods-CustomAlertView/Pods-CustomAlertView.debug.xcconfig"; sourceTree = "<group>"; };
		589F92ECF4115B8B4EDE3246 /* Pods-CustomAlertViewUITests.debug.xcconfig */ = {isa = PBXFileReference; includeInIndex = 1; lastKnownFileType = text.xcconfig; name = "Pods-CustomAlertViewUITests.debug.xcconfig"; path = "Pods/Target Support Files/Pods-CustomAlertViewUITests/Pods-CustomAlertViewUITests.debug.xcconfig"; sourceTree = "<group>"; };
		8E47585B24612E5695632301 /* Pods-CustomAlertViewUITests.release.xcconfig */ = {isa = PBXFileReference; includeInIndex = 1; lastKnownFileType = text.xcconfig; name = "Pods-CustomAlertViewUITests.release.xcconfig"; path = "Pods/Target Support Files/Pods-CustomAlertViewUITests/Pods-CustomAlertViewUITests.release.xcconfig"; sourceTree = "<group>"; };
		950DEC91D961587BDDD45035 /* Pods-CustomAlertView.release.xcconfig */ = {isa = PBXFileReference; includeInIndex = 1; lastKnownFileType = text.xcconfig; name = "Pods-CustomAlertView.release.xcconfig"; path = "Pods/Target Support Files/Pods-CustomAlertView/Pods-CustomAlertView.release.xcconfig"; sourceTree = "<group>"; };
		9EE9667E0F12672FA2276202 /* libPods-CustomAlertViewUITests.a */ = {isa = PBXFileReference; explicitFileType = archive.ar; includeInIndex = 0; path = "libPods-CustomAlertViewUITests.a"; sourceTree = BUILT_PRODUCTS_DIR; };
		D6789E3DC8E11DDA7B75D6D3 /* libPods-CustomAlertView.a */ = {isa = PBXFileReference; explicitFileType = archive.ar; includeInIndex = 0; path = "libPods-CustomAlertView.a"; sourceTree = BUILT_PRODUCTS_DIR; };
		FB83B97720C56A5500C665A2 /* CustomAlertView.app */ = {isa = PBXFileReference; explicitFileType = wrapper.application; includeInIndex = 0; path = CustomAlertView.app; sourceTree = BUILT_PRODUCTS_DIR; };
		FB83B97A20C56A5500C665A2 /* AppDelegate.h */ = {isa = PBXFileReference; lastKnownFileType = sourcecode.c.h; path = AppDelegate.h; sourceTree = "<group>"; };
		FB83B97B20C56A5500C665A2 /* AppDelegate.m */ = {isa = PBXFileReference; lastKnownFileType = sourcecode.c.objc; path = AppDelegate.m; sourceTree = "<group>"; };
		FB83B97D20C56A5500C665A2 /* ViewController.h */ = {isa = PBXFileReference; lastKnownFileType = sourcecode.c.h; path = ViewController.h; sourceTree = "<group>"; };
		FB83B97E20C56A5500C665A2 /* ViewController.m */ = {isa = PBXFileReference; lastKnownFileType = sourcecode.c.objc; path = ViewController.m; sourceTree = "<group>"; };
		FB83B98120C56A5500C665A2 /* Base */ = {isa = PBXFileReference; lastKnownFileType = file.storyboard; name = Base; path = Base.lproj/Main.storyboard; sourceTree = "<group>"; };
		FB83B98320C56A5600C665A2 /* Assets.xcassets */ = {isa = PBXFileReference; lastKnownFileType = folder.assetcatalog; path = Assets.xcassets; sourceTree = "<group>"; };
		FB83B98620C56A5600C665A2 /* Base */ = {isa = PBXFileReference; lastKnownFileType = file.storyboard; name = Base; path = Base.lproj/LaunchScreen.storyboard; sourceTree = "<group>"; };
		FB83B98820C56A5600C665A2 /* Info.plist */ = {isa = PBXFileReference; lastKnownFileType = text.plist.xml; path = Info.plist; sourceTree = "<group>"; };
		FB83B98920C56A5600C665A2 /* main.m */ = {isa = PBXFileReference; lastKnownFileType = sourcecode.c.objc; path = main.m; sourceTree = "<group>"; };
		FB83B98F20C56A5700C665A2 /* CustomAlertViewUITests.xctest */ = {isa = PBXFileReference; explicitFileType = wrapper.cfbundle; includeInIndex = 0; path = CustomAlertViewUITests.xctest; sourceTree = BUILT_PRODUCTS_DIR; };
		FB83B99320C56A5700C665A2 /* CustomAlertViewUITests.m */ = {isa = PBXFileReference; lastKnownFileType = sourcecode.c.objc; path = CustomAlertViewUITests.m; sourceTree = "<group>"; };
		FB83B99520C56A5700C665A2 /* Info.plist */ = {isa = PBXFileReference; lastKnownFileType = text.plist.xml; path = Info.plist; sourceTree = "<group>"; };
		FB83B9A320C56DB500C665A2 /* TCustomAlertView.h */ = {isa = PBXFileReference; fileEncoding = 4; lastKnownFileType = sourcecode.c.h; path = TCustomAlertView.h; sourceTree = "<group>"; };
		FB83B9A420C56DB500C665A2 /* TCustomAlertView.m */ = {isa = PBXFileReference; fileEncoding = 4; lastKnownFileType = sourcecode.c.objc; path = TCustomAlertView.m; sourceTree = "<group>"; };
		FB83B9A720C6176500C665A2 /* CALayer+test.h */ = {isa = PBXFileReference; fileEncoding = 4; lastKnownFileType = sourcecode.c.h; path = "CALayer+test.h"; sourceTree = "<group>"; };
		FB83B9A820C6176500C665A2 /* CALayer+test.m */ = {isa = PBXFileReference; fileEncoding = 4; lastKnownFileType = sourcecode.c.objc; path = "CALayer+test.m"; sourceTree = "<group>"; };
/* End PBXFileReference section */

/* Begin PBXFrameworksBuildPhase section */
		FB83B97420C56A5500C665A2 /* Frameworks */ = {
			isa = PBXFrameworksBuildPhase;
			buildActionMask = 2147483647;
			files = (
				90846192B94B61612FDB2DA3 /* libPods-CustomAlertView.a in Frameworks */,
			);
			runOnlyForDeploymentPostprocessing = 0;
		};
		FB83B98C20C56A5700C665A2 /* Frameworks */ = {
			isa = PBXFrameworksBuildPhase;
			buildActionMask = 2147483647;
			files = (
				56D90866E0EB493CC84CE9F8 /* libPods-CustomAlertViewUITests.a in Frameworks */,
			);
			runOnlyForDeploymentPostprocessing = 0;
		};
/* End PBXFrameworksBuildPhase section */

/* Begin PBXGroup section */
		96A18642C3B8246CF12D8372 /* Pods */ = {
			isa = PBXGroup;
			children = (
				57605AB51447E1E665AED602 /* Pods-CustomAlertView.debug.xcconfig */,
				950DEC91D961587BDDD45035 /* Pods-CustomAlertView.release.xcconfig */,
				589F92ECF4115B8B4EDE3246 /* Pods-CustomAlertViewUITests.debug.xcconfig */,
				8E47585B24612E5695632301 /* Pods-CustomAlertViewUITests.release.xcconfig */,
			);
			name = Pods;
			sourceTree = "<group>";
		};
		F3A71DB88F3A72F949D90F14 /* Frameworks */ = {
			isa = PBXGroup;
			children = (
				D6789E3DC8E11DDA7B75D6D3 /* libPods-CustomAlertView.a */,
				9EE9667E0F12672FA2276202 /* libPods-CustomAlertViewUITests.a */,
			);
			name = Frameworks;
			sourceTree = "<group>";
		};
		FB83B96E20C56A5500C665A2 = {
			isa = PBXGroup;
			children = (
				FB83B97920C56A5500C665A2 /* CustomAlertView */,
				FB83B99220C56A5700C665A2 /* CustomAlertViewUITests */,
				FB83B97820C56A5500C665A2 /* Products */,
				96A18642C3B8246CF12D8372 /* Pods */,
				F3A71DB88F3A72F949D90F14 /* Frameworks */,
			);
			sourceTree = "<group>";
		};
		FB83B97820C56A5500C665A2 /* Products */ = {
			isa = PBXGroup;
			children = (
				FB83B97720C56A5500C665A2 /* CustomAlertView.app */,
				FB83B98F20C56A5700C665A2 /* CustomAlertViewUITests.xctest */,
			);
			name = Products;
			sourceTree = "<group>";
		};
		FB83B97920C56A5500C665A2 /* CustomAlertView */ = {
			isa = PBXGroup;
			children = (
				FB83B97A20C56A5500C665A2 /* AppDelegate.h */,
				FB83B97B20C56A5500C665A2 /* AppDelegate.m */,
				FB83B97D20C56A5500C665A2 /* ViewController.h */,
				FB83B97E20C56A5500C665A2 /* ViewController.m */,
				FB83B9A620C6176500C665A2 /* testAnimation */,
				FB83B9A220C56DB500C665A2 /* CustomAlertView */,
				FB83B98020C56A5500C665A2 /* Main.storyboard */,
				FB83B98320C56A5600C665A2 /* Assets.xcassets */,
				FB83B98520C56A5600C665A2 /* LaunchScreen.storyboard */,
				FB83B98820C56A5600C665A2 /* Info.plist */,
				FB83B98920C56A5600C665A2 /* main.m */,
			);
			path = CustomAlertView;
			sourceTree = "<group>";
		};
		FB83B99220C56A5700C665A2 /* CustomAlertViewUITests */ = {
			isa = PBXGroup;
			children = (
				FB83B99320C56A5700C665A2 /* CustomAlertViewUITests.m */,
				FB83B99520C56A5700C665A2 /* Info.plist */,
			);
			path = CustomAlertViewUITests;
			sourceTree = "<group>";
		};
		FB83B9A220C56DB500C665A2 /* CustomAlertView */ = {
			isa = PBXGroup;
			children = (
				FB83B9A320C56DB500C665A2 /* TCustomAlertView.h */,
				FB83B9A420C56DB500C665A2 /* TCustomAlertView.m */,
			);
			path = CustomAlertView;
			sourceTree = "<group>";
		};
		FB83B9A620C6176500C665A2 /* testAnimation */ = {
			isa = PBXGroup;
			children = (
				FB83B9A720C6176500C665A2 /* CALayer+test.h */,
				FB83B9A820C6176500C665A2 /* CALayer+test.m */,
			);
			path = testAnimation;
			sourceTree = "<group>";
		};
/* End PBXGroup section */

/* Begin PBXNativeTarget section */
		FB83B97620C56A5500C665A2 /* CustomAlertView */ = {
			isa = PBXNativeTarget;
			buildConfigurationList = FB83B99820C56A5700C665A2 /* Build configuration list for PBXNativeTarget "CustomAlertView" */;
			buildPhases = (
				0DC0F6690A2D27298C4CE157 /* [CP] Check Pods Manifest.lock */,
				FB83B97320C56A5500C665A2 /* Sources */,
				FB83B97420C56A5500C665A2 /* Frameworks */,
				FB83B97520C56A5500C665A2 /* Resources */,
				214FEBC9739496F671828889 /* [CP] Embed Pods Frameworks */,
				1D2C3440ECF2262395F0DB1C /* [CP] Copy Pods Resources */,
			);
			buildRules = (
			);
			dependencies = (
			);
			name = CustomAlertView;
			productName = CustomAlertView;
			productReference = FB83B97720C56A5500C665A2 /* CustomAlertView.app */;
			productType = "com.apple.product-type.application";
		};
		FB83B98E20C56A5700C665A2 /* CustomAlertViewUITests */ = {
			isa = PBXNativeTarget;
			buildConfigurationList = FB83B99B20C56A5700C665A2 /* Build configuration list for PBXNativeTarget "CustomAlertViewUITests" */;
			buildPhases = (
				02EF10910EFE3E8FD745847B /* [CP] Check Pods Manifest.lock */,
				FB83B98B20C56A5700C665A2 /* Sources */,
				FB83B98C20C56A5700C665A2 /* Frameworks */,
				FB83B98D20C56A5700C665A2 /* Resources */,
				F88D8307348CB45CEB6DFF06 /* [CP] Embed Pods Frameworks */,
				B0B4A1E7AEE3ECFC1D2F6452 /* [CP] Copy Pods Resources */,
			);
			buildRules = (
			);
			dependencies = (
				FB83B99120C56A5700C665A2 /* PBXTargetDependency */,
			);
			name = CustomAlertViewUITests;
			productName = CustomAlertViewUITests;
			productReference = FB83B98F20C56A5700C665A2 /* CustomAlertViewUITests.xctest */;
			productType = "com.apple.product-type.bundle.ui-testing";
		};
/* End PBXNativeTarget section */

/* Begin PBXProject section */
		FB83B96F20C56A5500C665A2 /* Project object */ = {
			isa = PBXProject;
			attributes = {
				LastUpgradeCheck = 0930;
				ORGANIZATIONNAME = dzj;
				TargetAttributes = {
					FB83B97620C56A5500C665A2 = {
						CreatedOnToolsVersion = 9.3;
					};
					FB83B98E20C56A5700C665A2 = {
						CreatedOnToolsVersion = 9.3;
						TestTargetID = FB83B97620C56A5500C665A2;
					};
				};
			};
			buildConfigurationList = FB83B97220C56A5500C665A2 /* Build configuration list for PBXProject "CustomAlertView" */;
			compatibilityVersion = "Xcode 9.3";
			developmentRegion = en;
			hasScannedForEncodings = 0;
			knownRegions = (
				en,
				Base,
			);
			mainGroup = FB83B96E20C56A5500C665A2;
			productRefGroup = FB83B97820C56A5500C665A2 /* Products */;
			projectDirPath = "";
			projectRoot = "";
			targets = (
				FB83B97620C56A5500C665A2 /* CustomAlertView */,
				FB83B98E20C56A5700C665A2 /* CustomAlertViewUITests */,
			);
		};
/* End PBXProject section */

/* Begin PBXResourcesBuildPhase section */
		FB83B97520C56A5500C665A2 /* Resources */ = {
			isa = PBXResourcesBuildPhase;
			buildActionMask = 2147483647;
			files = (
				FB83B98720C56A5600C665A2 /* LaunchScreen.storyboard in Resources */,
				FB83B98420C56A5600C665A2 /* Assets.xcassets in Resources */,
				FB83B98220C56A5500C665A2 /* Main.storyboard in Resources */,
			);
			runOnlyForDeploymentPostprocessing = 0;
		};
		FB83B98D20C56A5700C665A2 /* Resources */ = {
			isa = PBXResourcesBuildPhase;
			buildActionMask = 2147483647;
			files = (
			);
			runOnlyForDeploymentPostprocessing = 0;
		};
/* End PBXResourcesBuildPhase section */

/* Begin PBXShellScriptBuildPhase section */
		02EF10910EFE3E8FD745847B /* [CP] Check Pods Manifest.lock */ = {
			isa = PBXShellScriptBuildPhase;
			buildActionMask = 2147483647;
			files = (
			);
			inputPaths = (
			);
			name = "[CP] Check Pods Manifest.lock";
			outputPaths = (
			);
			runOnlyForDeploymentPostprocessing = 0;
			shellPath = /bin/sh;
			shellScript = "diff \"${PODS_PODFILE_DIR_PATH}/Podfile.lock\" \"${PODS_ROOT}/Manifest.lock\" > /dev/null\nif [ $? != 0 ] ; then\n    # print error to STDERR\n    echo \"error: The sandbox is not in sync with the Podfile.lock. Run 'pod install' or update your CocoaPods installation.\" >&2\n    exit 1\nfi\n";
			showEnvVarsInLog = 0;
		};
		0DC0F6690A2D27298C4CE157 /* [CP] Check Pods Manifest.lock */ = {
			isa = PBXShellScriptBuildPhase;
			buildActionMask = 2147483647;
			files = (
			);
			inputPaths = (
			);
			name = "[CP] Check Pods Manifest.lock";
			outputPaths = (
			);
			runOnlyForDeploymentPostprocessing = 0;
			shellPath = /bin/sh;
			shellScript = "diff \"${PODS_PODFILE_DIR_PATH}/Podfile.lock\" \"${PODS_ROOT}/Manifest.lock\" > /dev/null\nif [ $? != 0 ] ; then\n    # print error to STDERR\n    echo \"error: The sandbox is not in sync with the Podfile.lock. Run 'pod install' or update your CocoaPods installation.\" >&2\n    exit 1\nfi\n";
			showEnvVarsInLog = 0;
		};
		1D2C3440ECF2262395F0DB1C /* [CP] Copy Pods Resources */ = {
			isa = PBXShellScriptBuildPhase;
			buildActionMask = 2147483647;
			files = (
			);
			inputPaths = (
			);
			name = "[CP] Copy Pods Resources";
			outputPaths = (
			);
			runOnlyForDeploymentPostprocessing = 0;
			shellPath = /bin/sh;
			shellScript = "\"${SRCROOT}/Pods/Target Support Files/Pods-CustomAlertView/Pods-CustomAlertView-resources.sh\"\n";
			showEnvVarsInLog = 0;
		};
		214FEBC9739496F671828889 /* [CP] Embed Pods Frameworks */ = {
			isa = PBXShellScriptBuildPhase;
			buildActionMask = 2147483647;
			files = (
			);
			inputPaths = (
			);
			name = "[CP] Embed Pods Frameworks";
			outputPaths = (
			);
			runOnlyForDeploymentPostprocessing = 0;
			shellPath = /bin/sh;
			shellScript = "\"${SRCROOT}/Pods/Target Support Files/Pods-CustomAlertView/Pods-CustomAlertView-frameworks.sh\"\n";
			showEnvVarsInLog = 0;
		};
		B0B4A1E7AEE3ECFC1D2F6452 /* [CP] Copy Pods Resources */ = {
			isa = PBXShellScriptBuildPhase;
			buildActionMask = 2147483647;
			files = (
			);
			inputPaths = (
			);
			name = "[CP] Copy Pods Resources";
			outputPaths = (
			);
			runOnlyForDeploymentPostprocessing = 0;
			shellPath = /bin/sh;
			shellScript = "\"${SRCROOT}/Pods/Target Support Files/Pods-CustomAlertViewUITests/Pods-CustomAlertViewUITests-resources.sh\"\n";
			showEnvVarsInLog = 0;
		};
		F88D8307348CB45CEB6DFF06 /* [CP] Embed Pods Frameworks */ = {
			isa = PBXShellScriptBuildPhase;
			buildActionMask = 2147483647;
			files = (
			);
			inputPaths = (
			);
			name = "[CP] Embed Pods Frameworks";
			outputPaths = (
			);
			runOnlyForDeploymentPostprocessing = 0;
			shellPath = /bin/sh;
			shellScript = "\"${SRCROOT}/Pods/Target Support Files/Pods-CustomAlertViewUITests/Pods-CustomAlertViewUITests-frameworks.sh\"\n";
			showEnvVarsInLog = 0;
		};
/* End PBXShellScriptBuildPhase section */

/* Begin PBXSourcesBuildPhase section */
		FB83B97320C56A5500C665A2 /* Sources */ = {
			isa = PBXSourcesBuildPhase;
			buildActionMask = 2147483647;
			files = (
				FB83B97F20C56A5500C665A2 /* ViewController.m in Sources */,
				FB83B98A20C56A5600C665A2 /* main.m in Sources */,
				FB83B97C20C56A5500C665A2 /* AppDelegate.m in Sources */,
				FB83B9A920C6176500C665A2 /* CALayer+test.m in Sources */,
				FB83B9A520C56DB500C665A2 /* TCustomAlertView.m in Sources */,
			);
			runOnlyForDeploymentPostprocessing = 0;
		};
		FB83B98B20C56A5700C665A2 /* Sources */ = {
			isa = PBXSourcesBuildPhase;
			buildActionMask = 2147483647;
			files = (
				FB83B99420C56A5700C665A2 /* CustomAlertViewUITests.m in Sources */,
			);
			runOnlyForDeploymentPostprocessing = 0;
		};
/* End PBXSourcesBuildPhase section */

/* Begin PBXTargetDependency section */
		FB83B99120C56A5700C665A2 /* PBXTargetDependency */ = {
			isa = PBXTargetDependency;
			target = FB83B97620C56A5500C665A2 /* CustomAlertView */;
			targetProxy = FB83B99020C56A5700C665A2 /* PBXContainerItemProxy */;
		};
/* End PBXTargetDependency section */

/* Begin PBXVariantGroup section */
		FB83B98020C56A5500C665A2 /* Main.storyboard */ = {
			isa = PBXVariantGroup;
			children = (
				FB83B98120C56A5500C665A2 /* Base */,
			);
			name = Main.storyboard;
			sourceTree = "<group>";
		};
		FB83B98520C56A5600C665A2 /* LaunchScreen.storyboard */ = {
			isa = PBXVariantGroup;
			children = (
				FB83B98620C56A5600C665A2 /* Base */,
			);
			name = LaunchScreen.storyboard;
			sourceTree = "<group>";
		};
/* End PBXVariantGroup section */

/* Begin XCBuildConfiguration section */
		FB83B99620C56A5700C665A2 /* Debug */ = {
			isa = XCBuildConfiguration;
			buildSettings = {
				ALWAYS_SEARCH_USER_PATHS = NO;
				CLANG_ANALYZER_NONNULL = YES;
				CLANG_ANALYZER_NUMBER_OBJECT_CONVERSION = YES_AGGRESSIVE;
				CLANG_CXX_LANGUAGE_STANDARD = "gnu++14";
				CLANG_CXX_LIBRARY = "libc++";
				CLANG_ENABLE_MODULES = YES;
				CLANG_ENABLE_OBJC_ARC = YES;
				CLANG_ENABLE_OBJC_WEAK = YES;
				CLANG_WARN_BLOCK_CAPTURE_AUTORELEASING = YES;
				CLANG_WARN_BOOL_CONVERSION = YES;
				CLANG_WARN_COMMA = YES;
				CLANG_WARN_CONSTANT_CONVERSION = YES;
				CLANG_WARN_DEPRECATED_OBJC_IMPLEMENTATIONS = YES;
				CLANG_WARN_DIRECT_OBJC_ISA_USAGE = YES_ERROR;
				CLANG_WARN_DOCUMENTATION_COMMENTS = YES;
				CLANG_WARN_EMPTY_BODY = YES;
				CLANG_WARN_ENUM_CONVERSION = YES;
				CLANG_WARN_INFINITE_RECURSION = YES;
				CLANG_WARN_INT_CONVERSION = YES;
				CLANG_WARN_NON_LITERAL_NULL_CONVERSION = YES;
				CLANG_WARN_OBJC_IMPLICIT_RETAIN_SELF = YES;
				CLANG_WARN_OBJC_LITERAL_CONVERSION = YES;
				CLANG_WARN_OBJC_ROOT_CLASS = YES_ERROR;
				CLANG_WARN_RANGE_LOOP_ANALYSIS = YES;
				CLANG_WARN_STRICT_PROTOTYPES = YES;
				CLANG_WARN_SUSPICIOUS_MOVE = YES;
				CLANG_WARN_UNGUARDED_AVAILABILITY = YES_AGGRESSIVE;
				CLANG_WARN_UNREACHABLE_CODE = YES;
				CLANG_WARN__DUPLICATE_METHOD_MATCH = YES;
				CODE_SIGN_IDENTITY = "iPhone Developer";
				COPY_PHASE_STRIP = NO;
				DEBUG_INFORMATION_FORMAT = dwarf;
				ENABLE_STRICT_OBJC_MSGSEND = YES;
				ENABLE_TESTABILITY = YES;
				GCC_C_LANGUAGE_STANDARD = gnu11;
				GCC_DYNAMIC_NO_PIC = NO;
				GCC_NO_COMMON_BLOCKS = YES;
				GCC_OPTIMIZATION_LEVEL = 0;
				GCC_PREPROCESSOR_DEFINITIONS = (
					"DEBUG=1",
					"$(inherited)",
				);
				GCC_WARN_64_TO_32_BIT_CONVERSION = YES;
				GCC_WARN_ABOUT_RETURN_TYPE = YES_ERROR;
				GCC_WARN_UNDECLARED_SELECTOR = YES;
				GCC_WARN_UNINITIALIZED_AUTOS = YES_AGGRESSIVE;
				GCC_WARN_UNUSED_FUNCTION = YES;
				GCC_WARN_UNUSED_VARIABLE = YES;
				IPHONEOS_DEPLOYMENT_TARGET = 11.3;
				MTL_ENABLE_DEBUG_INFO = YES;
				ONLY_ACTIVE_ARCH = YES;
				SDKROOT = iphoneos;
			};
			name = Debug;
		};
		FB83B99720C56A5700C665A2 /* Release */ = {
			isa = XCBuildConfiguration;
			buildSettings = {
				ALWAYS_SEARCH_USER_PATHS = NO;
				CLANG_ANALYZER_NONNULL = YES;
				CLANG_ANALYZER_NUMBER_OBJECT_CONVERSION = YES_AGGRESSIVE;
				CLANG_CXX_LANGUAGE_STANDARD = "gnu++14";
				CLANG_CXX_LIBRARY = "libc++";
				CLANG_ENABLE_MODULES = YES;
				CLANG_ENABLE_OBJC_ARC = YES;
				CLANG_ENABLE_OBJC_WEAK = YES;
				CLANG_WARN_BLOCK_CAPTURE_AUTORELEASING = YES;
				CLANG_WARN_BOOL_CONVERSION = YES;
				CLANG_WARN_COMMA = YES;
				CLANG_WARN_CONSTANT_CONVERSION = YES;
				CLANG_WARN_DEPRECATED_OBJC_IMPLEMENTATIONS = YES;
				CLANG_WARN_DIRECT_OBJC_ISA_USAGE = YES_ERROR;
				CLANG_WARN_DOCUMENTATION_COMMENTS = YES;
				CLANG_WARN_EMPTY_BODY = YES;
				CLANG_WARN_ENUM_CONVERSION = YES;
				CLANG_WARN_INFINITE_RECURSION = YES;
				CLANG_WARN_INT_CONVERSION = YES;
				CLANG_WARN_NON_LITERAL_NULL_CONVERSION = YES;
				CLANG_WARN_OBJC_IMPLICIT_RETAIN_SELF = YES;
				CLANG_WARN_OBJC_LITERAL_CONVERSION = YES;
				CLANG_WARN_OBJC_ROOT_CLASS = YES_ERROR;
				CLANG_WARN_RANGE_LOOP_ANALYSIS = YES;
				CLANG_WARN_STRICT_PROTOTYPES = YES;
				CLANG_WARN_SUSPICIOUS_MOVE = YES;
				CLANG_WARN_UNGUARDED_AVAILABILITY = YES_AGGRESSIVE;
				CLANG_WARN_UNREACHABLE_CODE = YES;
				CLANG_WARN__DUPLICATE_METHOD_MATCH = YES;
				CODE_SIGN_IDENTITY = "iPhone Developer";
				COPY_PHASE_STRIP = NO;
				DEBUG_INFORMATION_FORMAT = "dwarf-with-dsym";
				ENABLE_NS_ASSERTIONS = NO;
				ENABLE_STRICT_OBJC_MSGSEND = YES;
				GCC_C_LANGUAGE_STANDARD = gnu11;
				GCC_NO_COMMON_BLOCKS = YES;
				GCC_WARN_64_TO_32_BIT_CONVERSION = YES;
				GCC_WARN_ABOUT_RETURN_TYPE = YES_ERROR;
				GCC_WARN_UNDECLARED_SELECTOR = YES;
				GCC_WARN_UNINITIALIZED_AUTOS = YES_AGGRESSIVE;
				GCC_WARN_UNUSED_FUNCTION = YES;
				GCC_WARN_UNUSED_VARIABLE = YES;
				IPHONEOS_DEPLOYMENT_TARGET = 11.3;
				MTL_ENABLE_DEBUG_INFO = NO;
				SDKROOT = iphoneos;
				VALIDATE_PRODUCT = YES;
			};
			name = Release;
		};
		FB83B99920C56A5700C665A2 /* Debug */ = {
			isa = XCBuildConfiguration;
			baseConfigurationReference = 57605AB51447E1E665AED602 /* Pods-CustomAlertView.debug.xcconfig */;
			buildSettings = {
				ASSETCATALOG_COMPILER_APPICON_NAME = AppIcon;
				CODE_SIGN_STYLE = Automatic;
				INFOPLIST_FILE = CustomAlertView/Info.plist;
				LD_RUNPATH_SEARCH_PATHS = (
					"$(inherited)",
					"@executable_path/Frameworks",
				);
				PRODUCT_BUNDLE_IDENTIFIER = com.duzj.CustomAlertView;
				PRODUCT_NAME = "$(TARGET_NAME)";
				TARGETED_DEVICE_FAMILY = "1,2";
			};
			name = Debug;
		};
		FB83B99A20C56A5700C665A2 /* Release */ = {
			isa = XCBuildConfiguration;
			baseConfigurationReference = 950DEC91D961587BDDD45035 /* Pods-CustomAlertView.release.xcconfig */;
			buildSettings = {
				ASSETCATALOG_COMPILER_APPICON_NAME = AppIcon;
				CODE_SIGN_STYLE = Automatic;
				INFOPLIST_FILE = CustomAlertView/Info.plist;
				LD_RUNPATH_SEARCH_PATHS = (
					"$(inherited)",
					"@executable_path/Frameworks",
				);
				PRODUCT_BUNDLE_IDENTIFIER = com.duzj.CustomAlertView;
				PRODUCT_NAME = "$(TARGET_NAME)";
				TARGETED_DEVICE_FAMILY = "1,2";
			};
			name = Release;
		};
		FB83B99C20C56A5700C665A2 /* Debug */ = {
			isa = XCBuildConfiguration;
			baseConfigurationReference = 589F92ECF4115B8B4EDE3246 /* Pods-CustomAlertViewUITests.debug.xcconfig */;
			buildSettings = {
				CODE_SIGN_STYLE = Automatic;
				INFOPLIST_FILE = CustomAlertViewUITests/Info.plist;
				LD_RUNPATH_SEARCH_PATHS = (
					"$(inherited)",
					"@executable_path/Frameworks",
					"@loader_path/Frameworks",
				);
				PRODUCT_BUNDLE_IDENTIFIER = com.duzj.CustomAlertViewUITests;
				PRODUCT_NAME = "$(TARGET_NAME)";
				TARGETED_DEVICE_FAMILY = "1,2";
				TEST_TARGET_NAME = CustomAlertView;
			};
			name = Debug;
		};
		FB83B99D20C56A5700C665A2 /* Release */ = {
			isa = XCBuildConfiguration;
			baseConfigurationReference = 8E47585B24612E5695632301 /* Pods-CustomAlertViewUITests.release.xcconfig */;
			buildSettings = {
				CODE_SIGN_STYLE = Automatic;
				INFOPLIST_FILE = CustomAlertViewUITests/Info.plist;
				LD_RUNPATH_SEARCH_PATHS = (
					"$(inherited)",
					"@executable_path/Frameworks",
					"@loader_path/Frameworks",
				);
				PRODUCT_BUNDLE_IDENTIFIER = com.duzj.CustomAlertViewUITests;
				PRODUCT_NAME = "$(TARGET_NAME)";
				TARGETED_DEVICE_FAMILY = "1,2";
				TEST_TARGET_NAME = CustomAlertView;
			};
			name = Release;
		};
/* End XCBuildConfiguration section */

/* Begin XCConfigurationList section */
		FB83B97220C56A5500C665A2 /* Build configuration list for PBXProject "CustomAlertView" */ = {
			isa = XCConfigurationList;
			buildConfigurations = (
				FB83B99620C56A5700C665A2 /* Debug */,
				FB83B99720C56A5700C665A2 /* Release */,
			);
			defaultConfigurationIsVisible = 0;
			defaultConfigurationName = Release;
		};
		FB83B99820C56A5700C665A2 /* Build configuration list for PBXNativeTarget "CustomAlertView" */ = {
			isa = XCConfigurationList;
			buildConfigurations = (
				FB83B99920C56A5700C665A2 /* Debug */,
				FB83B99A20C56A5700C665A2 /* Release */,
			);
			defaultConfigurationIsVisible = 0;
			defaultConfigurationName = Release;
		};
		FB83B99B20C56A5700C665A2 /* Build configuration list for PBXNativeTarget "CustomAlertViewUITests" */ = {
			isa = XCConfigurationList;
			buildConfigurations = (
				FB83B99C20C56A5700C665A2 /* Debug */,
				FB83B99D20C56A5700C665A2 /* Release */,
			);
			defaultConfigurationIsVisible = 0;
			defaultConfigurationName = Release;
		};
/* End XCConfigurationList section */
	};
	rootObject = FB83B96F20C56A5500C665A2 /* Project object */;
}
